
Microsoft Visual Studio Solution File, Format Version 12.00
# Visual Studio Version 16
VisualStudioVersion = 16.0.31911.196
MinimumVisualStudioVersion = 10.0.40219.1
Project("{FAE04EC0-301F-11D3-BF4B-00C04F79EFBC}") = "Formser", "Formser.csproj", "{78227AFC-9620-49D8-88EC-C21ED8448850}"
EndProject
Global
	GlobalSection(SolutionConfigurationPlatforms) = preSolution
		Debug|Any CPU = Debug|Any CPU
		Release|Any CPU = Release|Any CPU
	EndGlobalSection
	GlobalSection(ProjectConfigurationPlatforms) = postSolution
		{78227AFC-9620-49D8-88EC-C21ED8448850}.Debug|Any CPU.ActiveCfg = Debug|Any CPU
		{78227AFC-9620-49D8-88EC-C21ED8448850}.Debug|Any CPU.Build.0 = Debug|Any CPU
		{78227AFC-9620-49D8-88EC-C21ED8448850}.Release|Any CPU.ActiveCfg = Release|Any CPU
		{78227AFC-9620-49D8-88EC-C21ED8448850}.Release|Any CPU.Build.0 = Release|Any CPU
	EndGlobalSection
	GlobalSection(SolutionProperties) = preSolution
		HideSolutionNode = FALSE
	EndGlobalSection
	GlobalSection(ExtensibilityGlobals) = postSolution
		SolutionGuid = {DBEE135A-6E7B-4815-8858-CE22538FA266}
	EndGlobalSection
EndGlobal
